{
	"name": "eleventy-utils",
	"lockfileVersion": 3,
	"requires": true,
	"packages": {
		"": {
			"license": "MIT",
			"workspaces": [
				"utils"
			]
		},
		"node_modules/@11ty/eleventy-utils": {
			"resolved": "utils",
			"link": true
		},
		"utils": {
			"name": "@11ty/eleventy-utils",
			"version": "2.0.7",
			"license": "MIT",
			"engines": {
				"node": ">=18"
			},
			"funding": {
				"type": "opencollective",
				"url": "https://opencollective.com/11ty"
			}
		}
	}
}
