{
	"name": "eleventy-utils",
	"lockfileVersion": 3,
	"requires": true,
	"packages": {
		"": {
			"license": "MIT",
			"workspaces": [
				"utils",
				"node-version-check",
				"parse-deps-typescript",
				"parse-deps-esm"
			]
		},
		"node_modules/@11ty/dependency-tree-esm": {
			"resolved": "parse-deps-esm",
			"link": true
		},
		"node_modules/@11ty/dependency-tree-typescript": {
			"resolved": "parse-deps-typescript",
			"link": true
		},
		"node_modules/@11ty/eleventy-utils": {
			"resolved": "utils",
			"link": true
		},
		"node_modules/@11ty/node-version-check": {
			"resolved": "node-version-check",
			"link": true
		},
		"node_modules/@sveltejs/acorn-typescript": {
			"version": "1.0.8",
			"resolved": "https://registry.npmjs.org/@sveltejs/acorn-typescript/-/acorn-typescript-1.0.8.tgz",
			"integrity": "sha512-esgN+54+q0NjB0Y/4BomT9samII7jGwNy/2a3wNZbT2A2RpmXsXwUt24LvLhx6jUq2gVk4cWEvcRO6MFQbOfNA==",
			"license": "MIT",
			"peerDependencies": {
				"acorn": "^8.9.0"
			}
		},
		"node_modules/acorn": {
			"version": "8.15.0",
			"resolved": "https://registry.npmjs.org/acorn/-/acorn-8.15.0.tgz",
			"integrity": "sha512-NZyJarBfL7nWwIq+FDL6Zp/yHEhePMNnnJ0y3qfieCrmNvYct8uvtiV41UvlSe6apAfk0fY1FbWx+NwfmpvtTg==",
			"license": "MIT",
			"bin": {
				"acorn": "bin/acorn"
			},
			"engines": {
				"node": ">=0.4.0"
			}
		},
		"node_modules/dependency-graph": {
			"version": "1.0.0",
			"resolved": "https://registry.npmjs.org/dependency-graph/-/dependency-graph-1.0.0.tgz",
			"integrity": "sha512-cW3gggJ28HZ/LExwxP2B++aiKxhJXMSIt9K48FOXQkm+vuG5gyatXnLsONRJdzO/7VfjDIiaOOa/bs4l464Lwg==",
			"license": "MIT",
			"engines": {
				"node": ">=4"
			}
		},
		"node_modules/normalize-path": {
			"version": "3.0.0",
			"resolved": "https://registry.npmjs.org/normalize-path/-/normalize-path-3.0.0.tgz",
			"integrity": "sha512-6eZs5Ls3WtCisHWp9S2GUy8dqkpGi4BVSz3GaqiE6ezub0512ESztXUwUB6C6IKbQkY2Pnb/mD4WYojCRwcwLA==",
			"license": "MIT",
			"engines": {
				"node": ">=0.10.0"
			}
		},
		"node_modules/semver": {
			"version": "7.7.3",
			"resolved": "https://registry.npmjs.org/semver/-/semver-7.7.3.tgz",
			"integrity": "sha512-SdsKMrI9TdgjdweUSR9MweHA4EJ8YxHn8DFaDisvhVlUOe4BF1tLD7GAj0lIqWVl+dPb/rExr0Btby5loQm20Q==",
			"license": "ISC",
			"bin": {
				"semver": "bin/semver.js"
			},
			"engines": {
				"node": ">=10"
			}
		},
		"node-version-check": {
			"name": "@11ty/node-version-check",
			"version": "1.0.1",
			"license": "MIT",
			"dependencies": {
				"semver": "^7.7.3"
			},
			"engines": {
				"node": ">=10"
			},
			"funding": {
				"type": "opencollective",
				"url": "https://opencollective.com/11ty"
			}
		},
		"parse-deps-esm": {
			"name": "@11ty/dependency-tree-esm",
			"version": "2.0.4",
			"license": "MIT",
			"dependencies": {
				"@11ty/eleventy-utils": "^2.0.7",
				"acorn": "^8.15.0",
				"dependency-graph": "^1.0.0",
				"normalize-path": "^3.0.0"
			}
		},
		"parse-deps-esm/node_modules/@11ty/eleventy-utils": {
			"version": "2.0.7",
			"license": "MIT",
			"engines": {
				"node": ">=18"
			},
			"funding": {
				"type": "opencollective",
				"url": "https://opencollective.com/11ty"
			}
		},
		"parse-deps-typescript": {
			"name": "@11ty/dependency-tree-typescript",
			"version": "1.0.0",
			"license": "MIT",
			"dependencies": {
				"@11ty/dependency-tree-esm": "^2.0.4",
				"@sveltejs/acorn-typescript": "^1.0.8",
				"acorn": "^8.15.0"
			},
			"engines": {
				"node": ">=18"
			}
		},
		"utils": {
			"name": "@11ty/eleventy-utils",
			"version": "2.0.8-alpha.1",
			"license": "MIT",
			"engines": {
				"node": ">=18"
			},
			"funding": {
				"type": "opencollective",
				"url": "https://opencollective.com/11ty"
			}
		}
	}
}
