{
  "name": "@11ty/eleventy-utils",
  "version": "2.0.0-alpha.2",
  "lockfileVersion": 3,
  "requires": true,
  "packages": {
    "": {
      "name": "@11ty/eleventy-utils",
      "version": "2.0.0-alpha.2",
      "license": "MIT",
      "engines": {
        "node": ">=18"
      },
      "funding": {
        "type": "opencollective",
        "url": "https://opencollective.com/11ty"
      }
    }
  }
}
